
Microsoft Visual Studio Solution File, Format Version 12.00
# Visual Studio 15
VisualStudioVersion = 15.0.27703.2047
MinimumVisualStudioVersion = 10.0.40219.1
Project("{FAE04EC0-301F-11D3-BF4B-00C04F79EFBC}") = "App1.Android", "App1\App1.Android\App1.Android.csproj", "{B96AD2BA-3288-4838-A3BB-FCA6C095BD05}"
EndProject
Project("{FAE04EC0-301F-11D3-BF4B-00C04F79EFBC}") = "App1.iOS", "App1\App1.iOS\App1.iOS.csproj", "{AD4F1967-8EF3-4ABE-82EC-C423D2939D3E}"
EndProject
Project("{9A19103F-16F7-4668-BE54-9A1E7A4F7556}") = "App1", "App1\App1\App1.csproj", "{8612F699-0E8E-433F-A1E3-BE449C0C69D8}"
EndProject
Project("{FAE04EC0-301F-11D3-BF4B-00C04F79EFBC}") = "ws", "ws\ws.csproj", "{9B8C96F5-E65A-40E6-BA7A-1E23B32243ED}"
EndProject
Global
	GlobalSection(SolutionConfigurationPlatforms) = preSolution
		Ad-Hoc|Any CPU = Ad-Hoc|Any CPU
		Ad-Hoc|iPhone = Ad-Hoc|iPhone
		Ad-Hoc|iPhoneSimulator = Ad-Hoc|iPhoneSimulator
		AppStore|Any CPU = AppStore|Any CPU
		AppStore|iPhone = AppStore|iPhone
		AppStore|iPhoneSimulator = AppStore|iPhoneSimulator
		Debug|Any CPU = Debug|Any CPU
		Debug|iPhone = Debug|iPhone
		Debug|iPhoneSimulator = Debug|iPhoneSimulator
		Release|Any CPU = Release|Any CPU
		Release|iPhone = Release|iPhone
		Release|iPhoneSimulator = Release|iPhoneSimulator
	EndGlobalSection
	GlobalSection(ProjectConfigurationPlatforms) = postSolution
		{B96AD2BA-3288-4838-A3BB-FCA6C095BD05}.Ad-Hoc|Any CPU.ActiveCfg = Release|Any CPU
		{B96AD2BA-3288-4838-A3BB-FCA6C095BD05}.Ad-Hoc|Any CPU.Build.0 = Release|Any CPU
		{B96AD2BA-3288-4838-A3BB-FCA6C095BD05}.Ad-Hoc|Any CPU.Deploy.0 = Release|Any CPU
		{B96AD2BA-3288-4838-A3BB-FCA6C095BD05}.Ad-Hoc|iPhone.ActiveCfg = Release|Any CPU
		{B96AD2BA-3288-4838-A3BB-FCA6C095BD05}.Ad-Hoc|iPhone.Build.0 = Release|Any CPU
		{B96AD2BA-3288-4838-A3BB-FCA6C095BD05}.Ad-Hoc|iPhone.Deploy.0 = Release|Any CPU
		{B96AD2BA-3288-4838-A3BB-FCA6C095BD05}.Ad-Hoc|iPhoneSimulator.ActiveCfg = Release|Any CPU
		{B96AD2BA-3288-4838-A3BB-FCA6C095BD05}.Ad-Hoc|iPhoneSimulator.Build.0 = Release|Any CPU
		{B96AD2BA-3288-4838-A3BB-FCA6C095BD05}.Ad-Hoc|iPhoneSimulator.Deploy.0 = Release|Any CPU
		{B96AD2BA-3288-4838-A3BB-FCA6C095BD05}.AppStore|Any CPU.ActiveCfg = Release|Any CPU
		{B96AD2BA-3288-4838-A3BB-FCA6C095BD05}.AppStore|Any CPU.Build.0 = Release|Any CPU
		{B96AD2BA-3288-4838-A3BB-FCA6C095BD05}.AppStore|Any CPU.Deploy.0 = Release|Any CPU
		{B96AD2BA-3288-4838-A3BB-FCA6C095BD05}.AppStore|iPhone.ActiveCfg = Release|Any CPU
		{B96AD2BA-3288-4838-A3BB-FCA6C095BD05}.AppStore|iPhone.Build.0 = Release|Any CPU
		{B96AD2BA-3288-4838-A3BB-FCA6C095BD05}.AppStore|iPhone.Deploy.0 = Release|Any CPU
		{B96AD2BA-3288-4838-A3BB-FCA6C095BD05}.AppStore|iPhoneSimulator.ActiveCfg = Release|Any CPU
		{B96AD2BA-3288-4838-A3BB-FCA6C095BD05}.AppStore|iPhoneSimulator.Build.0 = Release|Any CPU
		{B96AD2BA-3288-4838-A3BB-FCA6C095BD05}.AppStore|iPhoneSimulator.Deploy.0 = Release|Any CPU
		{B96AD2BA-3288-4838-A3BB-FCA6C095BD05}.Debug|Any CPU.ActiveCfg = Debug|Any CPU
		{B96AD2BA-3288-4838-A3BB-FCA6C095BD05}.Debug|Any CPU.Build.0 = Debug|Any CPU
		{B96AD2BA-3288-4838-A3BB-FCA6C095BD05}.Debug|Any CPU.Deploy.0 = Debug|Any CPU
		{B96AD2BA-3288-4838-A3BB-FCA6C095BD05}.Debug|iPhone.ActiveCfg = Debug|Any CPU
		{B96AD2BA-3288-4838-A3BB-FCA6C095BD05}.Debug|iPhone.Build.0 = Debug|Any CPU
		{B96AD2BA-3288-4838-A3BB-FCA6C095BD05}.Debug|iPhone.Deploy.0 = Debug|Any CPU
		{B96AD2BA-3288-4838-A3BB-FCA6C095BD05}.Debug|iPhoneSimulator.ActiveCfg = Debug|Any CPU
		{B96AD2BA-3288-4838-A3BB-FCA6C095BD05}.Debug|iPhoneSimulator.Build.0 = Debug|Any CPU
		{B96AD2BA-3288-4838-A3BB-FCA6C095BD05}.Debug|iPhoneSimulator.Deploy.0 = Debug|Any CPU
		{B96AD2BA-3288-4838-A3BB-FCA6C095BD05}.Release|Any CPU.ActiveCfg = Release|Any CPU
		{B96AD2BA-3288-4838-A3BB-FCA6C095BD05}.Release|Any CPU.Build.0 = Release|Any CPU
		{B96AD2BA-3288-4838-A3BB-FCA6C095BD05}.Release|Any CPU.Deploy.0 = Release|Any CPU
		{B96AD2BA-3288-4838-A3BB-FCA6C095BD05}.Release|iPhone.ActiveCfg = Release|Any CPU
		{B96AD2BA-3288-4838-A3BB-FCA6C095BD05}.Release|iPhone.Build.0 = Release|Any CPU
		{B96AD2BA-3288-4838-A3BB-FCA6C095BD05}.Release|iPhone.Deploy.0 = Release|Any CPU
		{B96AD2BA-3288-4838-A3BB-FCA6C095BD05}.Release|iPhoneSimulator.ActiveCfg = Release|Any CPU
		{B96AD2BA-3288-4838-A3BB-FCA6C095BD05}.Release|iPhoneSimulator.Build.0 = Release|Any CPU
		{B96AD2BA-3288-4838-A3BB-FCA6C095BD05}.Release|iPhoneSimulator.Deploy.0 = Release|Any CPU
		{AD4F1967-8EF3-4ABE-82EC-C423D2939D3E}.Ad-Hoc|Any CPU.ActiveCfg = Ad-Hoc|iPhone
		{AD4F1967-8EF3-4ABE-82EC-C423D2939D3E}.Ad-Hoc|Any CPU.Build.0 = Ad-Hoc|iPhone
		{AD4F1967-8EF3-4ABE-82EC-C423D2939D3E}.Ad-Hoc|Any CPU.Deploy.0 = Ad-Hoc|iPhone
		{AD4F1967-8EF3-4ABE-82EC-C423D2939D3E}.Ad-Hoc|iPhone.ActiveCfg = Ad-Hoc|iPhone
		{AD4F1967-8EF3-4ABE-82EC-C423D2939D3E}.Ad-Hoc|iPhone.Build.0 = Ad-Hoc|iPhone
		{AD4F1967-8EF3-4ABE-82EC-C423D2939D3E}.Ad-Hoc|iPhone.Deploy.0 = Ad-Hoc|iPhone
		{AD4F1967-8EF3-4ABE-82EC-C423D2939D3E}.Ad-Hoc|iPhoneSimulator.ActiveCfg = Ad-Hoc|iPhoneSimulator
		{AD4F1967-8EF3-4ABE-82EC-C423D2939D3E}.Ad-Hoc|iPhoneSimulator.Build.0 = Ad-Hoc|iPhoneSimulator
		{AD4F1967-8EF3-4ABE-82EC-C423D2939D3E}.Ad-Hoc|iPhoneSimulator.Deploy.0 = Ad-Hoc|iPhoneSimulator
		{AD4F1967-8EF3-4ABE-82EC-C423D2939D3E}.AppStore|Any CPU.ActiveCfg = AppStore|iPhone
		{AD4F1967-8EF3-4ABE-82EC-C423D2939D3E}.AppStore|Any CPU.Build.0 = AppStore|iPhone
		{AD4F1967-8EF3-4ABE-82EC-C423D2939D3E}.AppStore|Any CPU.Deploy.0 = AppStore|iPhone
		{AD4F1967-8EF3-4ABE-82EC-C423D2939D3E}.AppStore|iPhone.ActiveCfg = AppStore|iPhone
		{AD4F1967-8EF3-4ABE-82EC-C423D2939D3E}.AppStore|iPhone.Build.0 = AppStore|iPhone
		{AD4F1967-8EF3-4ABE-82EC-C423D2939D3E}.AppStore|iPhone.Deploy.0 = AppStore|iPhone
		{AD4F1967-8EF3-4ABE-82EC-C423D2939D3E}.AppStore|iPhoneSimulator.ActiveCfg = AppStore|iPhoneSimulator
		{AD4F1967-8EF3-4ABE-82EC-C423D2939D3E}.AppStore|iPhoneSimulator.Build.0 = AppStore|iPhoneSimulator
		{AD4F1967-8EF3-4ABE-82EC-C423D2939D3E}.AppStore|iPhoneSimulator.Deploy.0 = AppStore|iPhoneSimulator
		{AD4F1967-8EF3-4ABE-82EC-C423D2939D3E}.Debug|Any CPU.ActiveCfg = Debug|iPhoneSimulator
		{AD4F1967-8EF3-4ABE-82EC-C423D2939D3E}.Debug|Any CPU.Build.0 = Debug|iPhoneSimulator
		{AD4F1967-8EF3-4ABE-82EC-C423D2939D3E}.Debug|Any CPU.Deploy.0 = Debug|iPhoneSimulator
		{AD4F1967-8EF3-4ABE-82EC-C423D2939D3E}.Debug|iPhone.ActiveCfg = Debug|iPhone
		{AD4F1967-8EF3-4ABE-82EC-C423D2939D3E}.Debug|iPhone.Build.0 = Debug|iPhone
		{AD4F1967-8EF3-4ABE-82EC-C423D2939D3E}.Debug|iPhone.Deploy.0 = Debug|iPhone
		{AD4F1967-8EF3-4ABE-82EC-C423D2939D3E}.Debug|iPhoneSimulator.ActiveCfg = Debug|iPhoneSimulator
		{AD4F1967-8EF3-4ABE-82EC-C423D2939D3E}.Debug|iPhoneSimulator.Build.0 = Debug|iPhoneSimulator
		{AD4F1967-8EF3-4ABE-82EC-C423D2939D3E}.Debug|iPhoneSimulator.Deploy.0 = Debug|iPhoneSimulator
		{AD4F1967-8EF3-4ABE-82EC-C423D2939D3E}.Release|Any CPU.ActiveCfg = Release|iPhone
		{AD4F1967-8EF3-4ABE-82EC-C423D2939D3E}.Release|Any CPU.Build.0 = Release|iPhone
		{AD4F1967-8EF3-4ABE-82EC-C423D2939D3E}.Release|Any CPU.Deploy.0 = Release|iPhone
		{AD4F1967-8EF3-4ABE-82EC-C423D2939D3E}.Release|iPhone.ActiveCfg = Release|iPhone
		{AD4F1967-8EF3-4ABE-82EC-C423D2939D3E}.Release|iPhone.Build.0 = Release|iPhone
		{AD4F1967-8EF3-4ABE-82EC-C423D2939D3E}.Release|iPhone.Deploy.0 = Release|iPhone
		{AD4F1967-8EF3-4ABE-82EC-C423D2939D3E}.Release|iPhoneSimulator.ActiveCfg = Release|iPhoneSimulator
		{AD4F1967-8EF3-4ABE-82EC-C423D2939D3E}.Release|iPhoneSimulator.Build.0 = Release|iPhoneSimulator
		{AD4F1967-8EF3-4ABE-82EC-C423D2939D3E}.Release|iPhoneSimulator.Deploy.0 = Release|iPhoneSimulator
		{8612F699-0E8E-433F-A1E3-BE449C0C69D8}.Ad-Hoc|Any CPU.ActiveCfg = Debug|Any CPU
		{8612F699-0E8E-433F-A1E3-BE449C0C69D8}.Ad-Hoc|Any CPU.Build.0 = Debug|Any CPU
		{8612F699-0E8E-433F-A1E3-BE449C0C69D8}.Ad-Hoc|Any CPU.Deploy.0 = Debug|Any CPU
		{8612F699-0E8E-433F-A1E3-BE449C0C69D8}.Ad-Hoc|iPhone.ActiveCfg = Debug|Any CPU
		{8612F699-0E8E-433F-A1E3-BE449C0C69D8}.Ad-Hoc|iPhone.Build.0 = Debug|Any CPU
		{8612F699-0E8E-433F-A1E3-BE449C0C69D8}.Ad-Hoc|iPhone.Deploy.0 = Debug|Any CPU
		{8612F699-0E8E-433F-A1E3-BE449C0C69D8}.Ad-Hoc|iPhoneSimulator.ActiveCfg = Debug|Any CPU
		{8612F699-0E8E-433F-A1E3-BE449C0C69D8}.Ad-Hoc|iPhoneSimulator.Build.0 = Debug|Any CPU
		{8612F699-0E8E-433F-A1E3-BE449C0C69D8}.Ad-Hoc|iPhoneSimulator.Deploy.0 = Debug|Any CPU
		{8612F699-0E8E-433F-A1E3-BE449C0C69D8}.AppStore|Any CPU.ActiveCfg = Debug|Any CPU
		{8612F699-0E8E-433F-A1E3-BE449C0C69D8}.AppStore|Any CPU.Build.0 = Debug|Any CPU
		{8612F699-0E8E-433F-A1E3-BE449C0C69D8}.AppStore|Any CPU.Deploy.0 = Debug|Any CPU
		{8612F699-0E8E-433F-A1E3-BE449C0C69D8}.AppStore|iPhone.ActiveCfg = Debug|Any CPU
		{8612F699-0E8E-433F-A1E3-BE449C0C69D8}.AppStore|iPhone.Build.0 = Debug|Any CPU
		{8612F699-0E8E-433F-A1E3-BE449C0C69D8}.AppStore|iPhone.Deploy.0 = Debug|Any CPU
		{8612F699-0E8E-433F-A1E3-BE449C0C69D8}.AppStore|iPhoneSimulator.ActiveCfg = Debug|Any CPU
		{8612F699-0E8E-433F-A1E3-BE449C0C69D8}.AppStore|iPhoneSimulator.Build.0 = Debug|Any CPU
		{8612F699-0E8E-433F-A1E3-BE449C0C69D8}.AppStore|iPhoneSimulator.Deploy.0 = Debug|Any CPU
		{8612F699-0E8E-433F-A1E3-BE449C0C69D8}.Debug|Any CPU.ActiveCfg = Debug|Any CPU
		{8612F699-0E8E-433F-A1E3-BE449C0C69D8}.Debug|Any CPU.Build.0 = Debug|Any CPU
		{8612F699-0E8E-433F-A1E3-BE449C0C69D8}.Debug|Any CPU.Deploy.0 = Debug|Any CPU
		{8612F699-0E8E-433F-A1E3-BE449C0C69D8}.Debug|iPhone.ActiveCfg = Debug|Any CPU
		{8612F699-0E8E-433F-A1E3-BE449C0C69D8}.Debug|iPhone.Build.0 = Debug|Any CPU
		{8612F699-0E8E-433F-A1E3-BE449C0C69D8}.Debug|iPhone.Deploy.0 = Debug|Any CPU
		{8612F699-0E8E-433F-A1E3-BE449C0C69D8}.Debug|iPhoneSimulator.ActiveCfg = Debug|Any CPU
		{8612F699-0E8E-433F-A1E3-BE449C0C69D8}.Debug|iPhoneSimulator.Build.0 = Debug|Any CPU
		{8612F699-0E8E-433F-A1E3-BE449C0C69D8}.Debug|iPhoneSimulator.Deploy.0 = Debug|Any CPU
		{8612F699-0E8E-433F-A1E3-BE449C0C69D8}.Release|Any CPU.ActiveCfg = Release|Any CPU
		{8612F699-0E8E-433F-A1E3-BE449C0C69D8}.Release|Any CPU.Build.0 = Release|Any CPU
		{8612F699-0E8E-433F-A1E3-BE449C0C69D8}.Release|Any CPU.Deploy.0 = Release|Any CPU
		{8612F699-0E8E-433F-A1E3-BE449C0C69D8}.Release|iPhone.ActiveCfg = Release|Any CPU
		{8612F699-0E8E-433F-A1E3-BE449C0C69D8}.Release|iPhone.Build.0 = Release|Any CPU
		{8612F699-0E8E-433F-A1E3-BE449C0C69D8}.Release|iPhone.Deploy.0 = Release|Any CPU
		{8612F699-0E8E-433F-A1E3-BE449C0C69D8}.Release|iPhoneSimulator.ActiveCfg = Release|Any CPU
		{8612F699-0E8E-433F-A1E3-BE449C0C69D8}.Release|iPhoneSimulator.Build.0 = Release|Any CPU
		{8612F699-0E8E-433F-A1E3-BE449C0C69D8}.Release|iPhoneSimulator.Deploy.0 = Release|Any CPU
		{9B8C96F5-E65A-40E6-BA7A-1E23B32243ED}.Ad-Hoc|Any CPU.ActiveCfg = Release|Any CPU
		{9B8C96F5-E65A-40E6-BA7A-1E23B32243ED}.Ad-Hoc|Any CPU.Build.0 = Release|Any CPU
		{9B8C96F5-E65A-40E6-BA7A-1E23B32243ED}.Ad-Hoc|iPhone.ActiveCfg = Release|Any CPU
		{9B8C96F5-E65A-40E6-BA7A-1E23B32243ED}.Ad-Hoc|iPhone.Build.0 = Release|Any CPU
		{9B8C96F5-E65A-40E6-BA7A-1E23B32243ED}.Ad-Hoc|iPhoneSimulator.ActiveCfg = Release|Any CPU
		{9B8C96F5-E65A-40E6-BA7A-1E23B32243ED}.Ad-Hoc|iPhoneSimulator.Build.0 = Release|Any CPU
		{9B8C96F5-E65A-40E6-BA7A-1E23B32243ED}.AppStore|Any CPU.ActiveCfg = Release|Any CPU
		{9B8C96F5-E65A-40E6-BA7A-1E23B32243ED}.AppStore|Any CPU.Build.0 = Release|Any CPU
		{9B8C96F5-E65A-40E6-BA7A-1E23B32243ED}.AppStore|iPhone.ActiveCfg = Release|Any CPU
		{9B8C96F5-E65A-40E6-BA7A-1E23B32243ED}.AppStore|iPhone.Build.0 = Release|Any CPU
		{9B8C96F5-E65A-40E6-BA7A-1E23B32243ED}.AppStore|iPhoneSimulator.ActiveCfg = Release|Any CPU
		{9B8C96F5-E65A-40E6-BA7A-1E23B32243ED}.AppStore|iPhoneSimulator.Build.0 = Release|Any CPU
		{9B8C96F5-E65A-40E6-BA7A-1E23B32243ED}.Debug|Any CPU.ActiveCfg = Debug|Any CPU
		{9B8C96F5-E65A-40E6-BA7A-1E23B32243ED}.Debug|Any CPU.Build.0 = Debug|Any CPU
		{9B8C96F5-E65A-40E6-BA7A-1E23B32243ED}.Debug|iPhone.ActiveCfg = Debug|Any CPU
		{9B8C96F5-E65A-40E6-BA7A-1E23B32243ED}.Debug|iPhone.Build.0 = Debug|Any CPU
		{9B8C96F5-E65A-40E6-BA7A-1E23B32243ED}.Debug|iPhoneSimulator.ActiveCfg = Debug|Any CPU
		{9B8C96F5-E65A-40E6-BA7A-1E23B32243ED}.Debug|iPhoneSimulator.Build.0 = Debug|Any CPU
		{9B8C96F5-E65A-40E6-BA7A-1E23B32243ED}.Release|Any CPU.ActiveCfg = Release|Any CPU
		{9B8C96F5-E65A-40E6-BA7A-1E23B32243ED}.Release|Any CPU.Build.0 = Release|Any CPU
		{9B8C96F5-E65A-40E6-BA7A-1E23B32243ED}.Release|iPhone.ActiveCfg = Release|Any CPU
		{9B8C96F5-E65A-40E6-BA7A-1E23B32243ED}.Release|iPhone.Build.0 = Release|Any CPU
		{9B8C96F5-E65A-40E6-BA7A-1E23B32243ED}.Release|iPhoneSimulator.ActiveCfg = Release|Any CPU
		{9B8C96F5-E65A-40E6-BA7A-1E23B32243ED}.Release|iPhoneSimulator.Build.0 = Release|Any CPU
	EndGlobalSection
	GlobalSection(SolutionProperties) = preSolution
		HideSolutionNode = FALSE
	EndGlobalSection
	GlobalSection(ExtensibilityGlobals) = postSolution
		SolutionGuid = {A09D6859-DE5C-421A-95ED-EE68885CDCBF}
	EndGlobalSection
EndGlobal
